{"version":4,"terraform_version":"1.11.4","serial":9,"lineage":"1d6b0a25-2217-7029-2253-d3691e1a02ac","outputs":{"ansible_inventory_path":{"value":"/home/matt/code/homelab/ansible/uptimekuma-oracle/inventory.ini","type":"string"}},"resources":[{"mode":"data","type":"oci_identity_availability_domains","name":"ads","provider":"provider[\"registry.opentofu.org/oracle/oci\"]","instances":[{"schema_version":0,"attributes":{"availability_domains":[{"compartment_id":"ocid1.tenancy.oc1..aaaaaaaasbcbahatnkurxhjpebnwkotstt5ncs2h3a43wj36yguigt2rqbua","id":"ocid1.availabilitydomain.oc1..aaaaaaaaax7k6s6cmu2faw5rbjobhjhvevgqtrbz7s4epy5g4j2nxsw7q4mq","name":"qKSt:US-CHICAGO-1-AD-1"},{"compartment_id":"ocid1.tenancy.oc1..aaaaaaaasbcbahatnkurxhjpebnwkotstt5ncs2h3a43wj36yguigt2rqbua","id":"ocid1.availabilitydomain.oc1..aaaaaaaave3zavc6gqeces7x4s4kwoqvyuszk4uiaee3lcma4cq4jb4gmx5q","name":"qKSt:US-CHICAGO-1-AD-2"},{"compartment_id":"ocid1.tenancy.oc1..aaaaaaaasbcbahatnkurxhjpebnwkotstt5ncs2h3a43wj36yguigt2rqbua","id":"ocid1.availabilitydomain.oc1..aaaaaaaaag25rxkuwv76f77a57wz5h4a4pkm545dam4ndohfge25sffw5p3a","name":"qKSt:US-CHICAGO-1-AD-3"}],"compartment_id":"ocid1.tenancy.oc1..aaaaaaaasbcbahatnkurxhjpebnwkotstt5ncs2h3a43wj36yguigt2rqbua","filter":null,"id":"IdentityAvailabilityDomainsDataSource-3268237732"},"sensitive_attributes":[]}]},{"mode":"managed","type":"oci_core_internet_gateway","name":"uptimekuma","provider":"provider[\"registry.opentofu.org/oracle/oci\"]","instances":[{"schema_version":0,"attributes":{"compartment_id":"ocid1.compartment.oc1..aaaaaaaaot6ozm2cpfhy4g4jhcm5om3ypt56lm4frozcr5ju77ncy3amecya","defined_tags":{"Oracle-Tags.CreatedBy":"default/terraform","Oracle-Tags.CreatedOn":"2026-02-07T21:32:54.913Z"},"display_name":"uptimekuma-igw","enabled":true,"freeform_tags":{"Environment":"Production","ManagedBy":"OpenTofu","Owner":"Matt","Project":"Homelab-Monitoring"},"id":"ocid1.internetgateway.oc1.us-chicago-1.aaaaaaaa5kmvgqt7gxl7zwvq24vhgtepy3guk4dt37bmmwr2wudb2w7d7a5q","route_table_id":null,"state":"AVAILABLE","time_created":"2026-02-07 21:32:54.933 +0000 UTC","timeouts":null,"vcn_id":"ocid1.vcn.oc1.us-chicago-1.amaaaaaao6hmnsqailhxmde27634gag3sekin2b44u3mw3i3aau7s4oaw34a"},"sensitive_attributes":[],"private":"eyJlMmJmYjczMC1lY2FhLTExZTYtOGY4OC0zNDM2M2JjN2M0YzAiOnsiY3JlYXRlIjoxMjAwMDAwMDAwMDAwLCJkZWxldGUiOjEyMDAwMDAwMDAwMDAsInVwZGF0ZSI6MTIwMDAwMDAwMDAwMH19","dependencies":["oci_core_vcn.uptimekuma"]}]},{"mode":"managed","type":"oci_core_route_table","name":"uptimekuma","provider":"provider[\"registry.opentofu.org/oracle/oci\"]","instances":[{"schema_version":0,"attributes":{"compartment_id":"ocid1.compartment.oc1..aaaaaaaaot6ozm2cpfhy4g4jhcm5om3ypt56lm4frozcr5ju77ncy3amecya","defined_tags":{"Oracle-Tags.CreatedBy":"default/terraform","Oracle-Tags.CreatedOn":"2026-02-07T21:32:55.157Z"},"display_name":"uptimekuma-rt","freeform_tags":{"Environment":"Production","ManagedBy":"OpenTofu","Owner":"Matt","Project":"Homelab-Monitoring"},"id":"ocid1.routetable.oc1.us-chicago-1.aaaaaaaagnsuw5oazjmmc2hekcqxciyc4bl7ywdkord4mrgnwtpmxr2hrjyq","route_rules":[{"cidr_block":"","description":"","destination":"0.0.0.0/0","destination_type":"CIDR_BLOCK","network_entity_id":"ocid1.internetgateway.oc1.us-chicago-1.aaaaaaaa5kmvgqt7gxl7zwvq24vhgtepy3guk4dt37bmmwr2wudb2w7d7a5q","route_type":""}],"state":"AVAILABLE","time_created":"2026-02-07 21:32:55.167 +0000 UTC","timeouts":null,"vcn_id":"ocid1.vcn.oc1.us-chicago-1.amaaaaaao6hmnsqailhxmde27634gag3sekin2b44u3mw3i3aau7s4oaw34a"},"sensitive_attributes":[],"private":"eyJlMmJmYjczMC1lY2FhLTExZTYtOGY4OC0zNDM2M2JjN2M0YzAiOnsiY3JlYXRlIjoxMjAwMDAwMDAwMDAwLCJkZWxldGUiOjEyMDAwMDAwMDAwMDAsInVwZGF0ZSI6MTIwMDAwMDAwMDAwMH19","dependencies":["oci_core_internet_gateway.uptimekuma","oci_core_vcn.uptimekuma"]}]},{"mode":"managed","type":"oci_core_security_list","name":"uptimekuma","provider":"provider[\"registry.opentofu.org/oracle/oci\"]","instances":[{"schema_version":0,"attributes":{"compartment_id":"ocid1.compartment.oc1..aaaaaaaaot6ozm2cpfhy4g4jhcm5om3ypt56lm4frozcr5ju77ncy3amecya","defined_tags":{"Oracle-Tags.CreatedBy":"default/terraform","Oracle-Tags.CreatedOn":"2026-02-07T21:32:54.993Z"},"display_name":"uptimekuma-sl","egress_security_rules":[{"description":"","destination":"0.0.0.0/0","destination_type":"CIDR_BLOCK","icmp_options":[],"protocol":"all","stateless":false,"tcp_options":[],"udp_options":[]}],"freeform_tags":{"Environment":"Production","ManagedBy":"OpenTofu","Owner":"Matt","Project":"Homelab-Monitoring"},"id":"ocid1.securitylist.oc1.us-chicago-1.aaaaaaaaypq4ymkwr66p5vsae2y4ho2544crndnbbjwohvczeqf7aqhzccca","ingress_security_rules":[{"description":"","icmp_options":[],"protocol":"6","source":"0.0.0.0/0","source_type":"CIDR_BLOCK","stateless":false,"tcp_options":[{"max":22,"min":22,"source_port_range":[]}],"udp_options":[]},{"description":"","icmp_options":[],"protocol":"6","source":"0.0.0.0/0","source_type":"CIDR_BLOCK","stateless":false,"tcp_options":[{"max":3001,"min":3001,"source_port_range":[]}],"udp_options":[]}],"state":"AVAILABLE","time_created":"2026-02-07 21:32:55.013 +0000 UTC","timeouts":null,"vcn_id":"ocid1.vcn.oc1.us-chicago-1.amaaaaaao6hmnsqailhxmde27634gag3sekin2b44u3mw3i3aau7s4oaw34a"},"sensitive_attributes":[],"private":"eyJlMmJmYjczMC1lY2FhLTExZTYtOGY4OC0zNDM2M2JjN2M0YzAiOnsiY3JlYXRlIjoxMjAwMDAwMDAwMDAwLCJkZWxldGUiOjEyMDAwMDAwMDAwMDAsInVwZGF0ZSI6MTIwMDAwMDAwMDAwMH19","dependencies":["oci_core_vcn.uptimekuma"]}]},{"mode":"managed","type":"oci_core_subnet","name":"uptimekuma","provider":"provider[\"registry.opentofu.org/oracle/oci\"]","instances":[{"schema_version":0,"attributes":{"availability_domain":null,"cidr_block":"10.0.1.0/24","compartment_id":"ocid1.compartment.oc1..aaaaaaaaot6ozm2cpfhy4g4jhcm5om3ypt56lm4frozcr5ju77ncy3amecya","defined_tags":{"Oracle-Tags.CreatedBy":"default/terraform","Oracle-Tags.CreatedOn":"2026-02-07T21:32:55.367Z"},"dhcp_options_id":"ocid1.dhcpoptions.oc1.us-chicago-1.aaaaaaaarshvnikwbxo7izmkux4qqotondnuzag3hprxovp7lijtlsy2yvmq","display_name":"uptimekuma-subnet","dns_label":"uptimesub","freeform_tags":{"Environment":"Production","ManagedBy":"OpenTofu","Owner":"Matt","Project":"Homelab-Monitoring"},"id":"ocid1.subnet.oc1.us-chicago-1.aaaaaaaaa6ev6gsc6sv7ipljwxduvygp7pcuslcl7l7ogfaj5tohr4odlk6a","ipv6cidr_block":null,"ipv6cidr_blocks":[],"ipv6virtual_router_ip":null,"prohibit_internet_ingress":false,"prohibit_public_ip_on_vnic":false,"route_table_id":"ocid1.routetable.oc1.us-chicago-1.aaaaaaaagnsuw5oazjmmc2hekcqxciyc4bl7ywdkord4mrgnwtpmxr2hrjyq","security_list_ids":["ocid1.securitylist.oc1.us-chicago-1.aaaaaaaaypq4ymkwr66p5vsae2y4ho2544crndnbbjwohvczeqf7aqhzccca"],"state":"AVAILABLE","subnet_domain_name":"uptimesub.uptimekuma.oraclevcn.com","time_created":"2026-02-07 21:32:55.388 +0000 UTC","timeouts":null,"vcn_id":"ocid1.vcn.oc1.us-chicago-1.amaaaaaao6hmnsqailhxmde27634gag3sekin2b44u3mw3i3aau7s4oaw34a","virtual_router_ip":"10.0.1.1","virtual_router_mac":"00:00:17:3A:DF:80"},"sensitive_attributes":[],"private":"eyJlMmJmYjczMC1lY2FhLTExZTYtOGY4OC0zNDM2M2JjN2M0YzAiOnsiY3JlYXRlIjoxMjAwMDAwMDAwMDAwLCJkZWxldGUiOjEyMDAwMDAwMDAwMDAsInVwZGF0ZSI6MTIwMDAwMDAwMDAwMH19","dependencies":["oci_core_internet_gateway.uptimekuma","oci_core_route_table.uptimekuma","oci_core_security_list.uptimekuma","oci_core_vcn.uptimekuma"]}]},{"mode":"managed","type":"oci_core_vcn","name":"uptimekuma","provider":"provider[\"registry.opentofu.org/oracle/oci\"]","instances":[{"schema_version":0,"attributes":{"byoipv6cidr_blocks":[],"byoipv6cidr_details":[],"cidr_block":"10.0.0.0/16","cidr_blocks":["10.0.0.0/16"],"compartment_id":"ocid1.compartment.oc1..aaaaaaaaot6ozm2cpfhy4g4jhcm5om3ypt56lm4frozcr5ju77ncy3amecya","default_dhcp_options_id":"ocid1.dhcpoptions.oc1.us-chicago-1.aaaaaaaarshvnikwbxo7izmkux4qqotondnuzag3hprxovp7lijtlsy2yvmq","default_route_table_id":"ocid1.routetable.oc1.us-chicago-1.aaaaaaaak3j6nzj5zdtgkvp27xm2koie4mhoho2mvpxqkk535p2sypldtbca","default_security_list_id":"ocid1.securitylist.oc1.us-chicago-1.aaaaaaaa4erhytshbhzhkm3yrnqttpnc5ows7b6woyjw4cfdmy5pijzz7iya","defined_tags":{"Oracle-Tags.CreatedBy":"default/terraform","Oracle-Tags.CreatedOn":"2026-02-07T21:32:54.582Z"},"display_name":"uptimekuma-vcn","dns_label":"uptimekuma","freeform_tags":{"Environment":"Production","ManagedBy":"OpenTofu","Owner":"Matt","Project":"Homelab-Monitoring"},"id":"ocid1.vcn.oc1.us-chicago-1.amaaaaaao6hmnsqailhxmde27634gag3sekin2b44u3mw3i3aau7s4oaw34a","ipv6cidr_blocks":[],"ipv6private_cidr_blocks":[],"is_ipv6enabled":false,"is_oracle_gua_allocation_enabled":null,"state":"AVAILABLE","time_created":"2026-02-07 21:32:54.623 +0000 UTC","timeouts":null,"vcn_domain_name":"uptimekuma.oraclevcn.com"},"sensitive_attributes":[],"private":"eyJlMmJmYjczMC1lY2FhLTExZTYtOGY4OC0zNDM2M2JjN2M0YzAiOnsiY3JlYXRlIjoxMjAwMDAwMDAwMDAwLCJkZWxldGUiOjEyMDAwMDAwMDAwMDAsInVwZGF0ZSI6MTIwMDAwMDAwMDAwMH19"}]}],"check_results":null}
